<?xml version="1.0" encoding="UTF-8" standalone="yes" ?>
<CodeBlocks_project_file>
	<FileVersion major="1" minor="6" />
	<Project>
		<Option title="program3" />
		<Option pch_mode="2" />
		<Option compiler="gcc" />
		<Build>
			<Target title="Debug">
				<Option output="bin/Debug/program3" prefix_auto="1" extension_auto="1" />
				<Option object_output="obj/Debug/" />
				<Option type="1" />
				<Option compiler="gcc" />
				<Compiler>
					<Add option="-g" />
					<Add option="-omp" />
					<Add directory="C:/msys64/mingw64/include" />
				</Compiler>
				<Linker>
					<Add library="sqlite3" />
					<Add library="ncursesw" />
					<Add directory="C:/msys64/mingw64/lib" />
				</Linker>
			</Target>
			<Target title="Release">
				<Option output="bin/Release/program3" prefix_auto="1" extension_auto="1" />
				<Option object_output="obj/Release/" />
				<Option type="1" />
				<Option compiler="gcc" />
				<Compiler>
					<Add option="-O2" />
					<Add directory="C:/msys64/mingw64/include" />
				</Compiler>
				<Linker>
					<Add option="-s" />
					<Add library="sqlite3" />
					<Add library="ncursesw" />
					<Add directory="C:/msys64/mingw64/lib" />
				</Linker>
			</Target>
		</Build>
		<Compiler>
			<Add option="-Wall" />
		</Compiler>
		<Unit filename="auth_system.cpp" />
		<Unit filename="auth_system.h" />
		<Unit filename="database_menu.cpp" />
		<Unit filename="database_menu.h" />
		<Unit filename="fileio.cpp" />
		<Unit filename="fileio.h" />
		<Unit filename="goods.cpp" />
		<Unit filename="goods.h" />
		<Unit filename="library.cpp" />
		<Unit filename="library.h" />
		<Unit filename="main.cpp" />
		<Unit filename="order.cpp" />
		<Unit filename="order.h">
			<Option target="&lt;{~None~}&gt;" />
		</Unit>
		<Unit filename="sqlite_db.cpp" />
		<Unit filename="sqlite_db.h" />
		<Unit filename="ui.cpp" />
		<Unit filename="ui.h">
			<Option target="&lt;{~None~}&gt;" />
		</Unit>
		<Unit filename="vehicle.cpp" />
		<Unit filename="vehicle.h" />
		<Unit filename="warehouse.cpp" />
		<Unit filename="warehouse.h" />
		<Extensions>
			<lib_finder disable_auto="1" />
		</Extensions>
	</Project>
</CodeBlocks_project_file>
